
Microsoft Visual Studio Solution File, Format Version 12.00
# Visual Studio Version 16
VisualStudioVersion = 16.0.31205.134
MinimumVisualStudioVersion = 10.0.40219.1
Project("{FAE04EC0-301F-11D3-BF4B-00C04F79EFBC}") = "PersonalTitles", "PersonalTitles\PersonalTitles.csproj", "{441FDD71-B6B3-493E-91F8-AEB9AF8BA069}"
EndProject
Global
	GlobalSection(SolutionConfigurationPlatforms) = preSolution
		Debug|Any CPU = Debug|Any CPU
		Release|Any CPU = Release|Any CPU
	EndGlobalSection
	GlobalSection(ProjectConfigurationPlatforms) = postSolution
		{441FDD71-B6B3-493E-91F8-AEB9AF8BA069}.Debug|Any CPU.ActiveCfg = Debug|Any CPU
		{441FDD71-B6B3-493E-91F8-AEB9AF8BA069}.Debug|Any CPU.Build.0 = Debug|Any CPU
		{441FDD71-B6B3-493E-91F8-AEB9AF8BA069}.Release|Any CPU.ActiveCfg = Release|Any CPU
		{441FDD71-B6B3-493E-91F8-AEB9AF8BA069}.Release|Any CPU.Build.0 = Release|Any CPU
	EndGlobalSection
	GlobalSection(SolutionProperties) = preSolution
		HideSolutionNode = FALSE
	EndGlobalSection
	GlobalSection(ExtensibilityGlobals) = postSolution
		SolutionGuid = {C92B038B-A43E-4303-B489-D98D631A56C1}
	EndGlobalSection
EndGlobal
